
Microsoft Visual Studio Solution File, Format Version 12.00
# Visual Studio 15
VisualStudioVersion = 15.0.28307.572
MinimumVisualStudioVersion = 10.0.40219.1
Project("{FAE04EC0-301F-11D3-BF4B-00C04F79EFBC}") = "WebApp.Identity", "WebApp.Identity\WebApp.Identity.csproj", "{C5436FE8-7084-489E-8F0F-A9332D04D2EB}"
EndProject
Global
	GlobalSection(SolutionConfigurationPlatforms) = preSolution
		Debug|Any CPU = Debug|Any CPU
		Release|Any CPU = Release|Any CPU
	EndGlobalSection
	GlobalSection(ProjectConfigurationPlatforms) = postSolution
		{C5436FE8-7084-489E-8F0F-A9332D04D2EB}.Debug|Any CPU.ActiveCfg = Debug|Any CPU
		{C5436FE8-7084-489E-8F0F-A9332D04D2EB}.Debug|Any CPU.Build.0 = Debug|Any CPU
		{C5436FE8-7084-489E-8F0F-A9332D04D2EB}.Release|Any CPU.ActiveCfg = Release|Any CPU
		{C5436FE8-7084-489E-8F0F-A9332D04D2EB}.Release|Any CPU.Build.0 = Release|Any CPU
	EndGlobalSection
	GlobalSection(SolutionProperties) = preSolution
		HideSolutionNode = FALSE
	EndGlobalSection
	GlobalSection(ExtensibilityGlobals) = postSolution
		SolutionGuid = {DC977A29-67D1-40EB-97D1-417CA54B282D}
	EndGlobalSection
EndGlobal
